// !$*UTF8*$!
{
	archiveVersion = 1;
	classes = {
	};
	objectVersion = 55;
	objects = {

/* Begin PBXBuildFile section */
		C957A3F2766342D3E214B37A /* Pods_Instagram_kadai.framework in Frameworks */ = {isa = PBXBuildFile; fileRef = A469378477F09960664554F5 /* Pods_Instagram_kadai.framework */; };
		CE0D0E2C29DE4F1F005208EB /* Const.swift in Sources */ = {isa = PBXBuildFile; fileRef = CE0D0E2B29DE4F1F005208EB /* Const.swift */; };
		CE0D0E2E29DE53C1005208EB /* CommentViewController.swift in Sources */ = {isa = PBXBuildFile; fileRef = CE0D0E2D29DE53C1005208EB /* CommentViewController.swift */; };
		CE0D0E3029DE5DFF005208EB /* PostData.swift in Sources */ = {isa = PBXBuildFile; fileRef = CE0D0E2F29DE5DFF005208EB /* PostData.swift */; };
		CE0D0E3229DE5F49005208EB /* CommentData.swift in Sources */ = {isa = PBXBuildFile; fileRef = CE0D0E3129DE5F49005208EB /* CommentData.swift */; };
		CE0D0E3E29DEA5A6005208EB /* HomeViewController.swift in Sources */ = {isa = PBXBuildFile; fileRef = CE0D0E3D29DEA5A6005208EB /* HomeViewController.swift */; };
		CE0D0E4129DEA683005208EB /* PostTableViewCell.swift in Sources */ = {isa = PBXBuildFile; fileRef = CE0D0E3F29DEA683005208EB /* PostTableViewCell.swift */; };
		CE0D0E4229DEA683005208EB /* PostTableViewCell.xib in Resources */ = {isa = PBXBuildFile; fileRef = CE0D0E4029DEA683005208EB /* PostTableViewCell.xib */; };
		CE3FBE6229E0130600E7482E /* CommentTableViewCell.swift in Sources */ = {isa = PBXBuildFile; fileRef = CE3FBE6029E0130600E7482E /* CommentTableViewCell.swift */; };
		CE3FBE6329E0130600E7482E /* CommentTableViewCell.xib in Resources */ = {isa = PBXBuildFile; fileRef = CE3FBE6129E0130600E7482E /* CommentTableViewCell.xib */; };
		CED72B0129DDA74B00BA7FF5 /* AppDelegate.swift in Sources */ = {isa = PBXBuildFile; fileRef = CED72B0029DDA74B00BA7FF5 /* AppDelegate.swift */; };
		CED72B0329DDA74B00BA7FF5 /* SceneDelegate.swift in Sources */ = {isa = PBXBuildFile; fileRef = CED72B0229DDA74B00BA7FF5 /* SceneDelegate.swift */; };
		CED72B0829DDA74B00BA7FF5 /* Main.storyboard in Resources */ = {isa = PBXBuildFile; fileRef = CED72B0629DDA74B00BA7FF5 /* Main.storyboard */; };
		CED72B0A29DDA74F00BA7FF5 /* Assets.xcassets in Resources */ = {isa = PBXBuildFile; fileRef = CED72B0929DDA74F00BA7FF5 /* Assets.xcassets */; };
		CED72B0D29DDA74F00BA7FF5 /* LaunchScreen.storyboard in Resources */ = {isa = PBXBuildFile; fileRef = CED72B0B29DDA74F00BA7FF5 /* LaunchScreen.storyboard */; };
		CED72B1529DDA8E900BA7FF5 /* LoginViewController.swift in Sources */ = {isa = PBXBuildFile; fileRef = CED72B1429DDA8E900BA7FF5 /* LoginViewController.swift */; };
		CED72B1929DDA90600BA7FF5 /* ImageSelectViewController.swift in Sources */ = {isa = PBXBuildFile; fileRef = CED72B1829DDA90600BA7FF5 /* ImageSelectViewController.swift */; };
		CED72B1B29DDA91600BA7FF5 /* PostViewController.swift in Sources */ = {isa = PBXBuildFile; fileRef = CED72B1A29DDA91600BA7FF5 /* PostViewController.swift */; };
		CED72B1D29DDA93A00BA7FF5 /* SettingViewController.swift in Sources */ = {isa = PBXBuildFile; fileRef = CED72B1C29DDA93A00BA7FF5 /* SettingViewController.swift */; };
		CED72B1F29DDAC7F00BA7FF5 /* TabBarController.swift in Sources */ = {isa = PBXBuildFile; fileRef = CED72B1E29DDAC7F00BA7FF5 /* TabBarController.swift */; };
		CED72B2129DDB29900BA7FF5 /* GoogleService-Info.plist in Resources */ = {isa = PBXBuildFile; fileRef = CED72B2029DDB29900BA7FF5 /* GoogleService-Info.plist */; };
/* End PBXBuildFile section */

/* Begin PBXFileReference section */
		3D011D045B3EF2ADF10DA34C /* Pods-Instagram_kadai.release.xcconfig */ = {isa = PBXFileReference; includeInIndex = 1; lastKnownFileType = text.xcconfig; name = "Pods-Instagram_kadai.release.xcconfig"; path = "Target Support Files/Pods-Instagram_kadai/Pods-Instagram_kadai.release.xcconfig"; sourceTree = "<group>"; };
		5A79A8F8DF76FC4B5D4E8297 /* Pods-Instagram_kadai.debug.xcconfig */ = {isa = PBXFileReference; includeInIndex = 1; lastKnownFileType = text.xcconfig; name = "Pods-Instagram_kadai.debug.xcconfig"; path = "Target Support Files/Pods-Instagram_kadai/Pods-Instagram_kadai.debug.xcconfig"; sourceTree = "<group>"; };
		A469378477F09960664554F5 /* Pods_Instagram_kadai.framework */ = {isa = PBXFileReference; explicitFileType = wrapper.framework; includeInIndex = 0; path = Pods_Instagram_kadai.framework; sourceTree = BUILT_PRODUCTS_DIR; };
		CE0D0E2B29DE4F1F005208EB /* Const.swift */ = {isa = PBXFileReference; lastKnownFileType = sourcecode.swift; path = Const.swift; sourceTree = "<group>"; };
		CE0D0E2D29DE53C1005208EB /* CommentViewController.swift */ = {isa = PBXFileReference; lastKnownFileType = sourcecode.swift; path = CommentViewController.swift; sourceTree = "<group>"; };
		CE0D0E2F29DE5DFF005208EB /* PostData.swift */ = {isa = PBXFileReference; lastKnownFileType = sourcecode.swift; path = PostData.swift; sourceTree = "<group>"; };
		CE0D0E3129DE5F49005208EB /* CommentData.swift */ = {isa = PBXFileReference; lastKnownFileType = sourcecode.swift; path = CommentData.swift; sourceTree = "<group>"; };
		CE0D0E3D29DEA5A6005208EB /* HomeViewController.swift */ = {isa = PBXFileReference; lastKnownFileType = sourcecode.swift; path = HomeViewController.swift; sourceTree = "<group>"; };
		CE0D0E3F29DEA683005208EB /* PostTableViewCell.swift */ = {isa = PBXFileReference; lastKnownFileType = sourcecode.swift; path = PostTableViewCell.swift; sourceTree = "<group>"; };
		CE0D0E4029DEA683005208EB /* PostTableViewCell.xib */ = {isa = PBXFileReference; lastKnownFileType = file.xib; path = PostTableViewCell.xib; sourceTree = "<group>"; };
		CE3FBE6029E0130600E7482E /* CommentTableViewCell.swift */ = {isa = PBXFileReference; lastKnownFileType = sourcecode.swift; path = CommentTableViewCell.swift; sourceTree = "<group>"; };
		CE3FBE6129E0130600E7482E /* CommentTableViewCell.xib */ = {isa = PBXFileReference; lastKnownFileType = file.xib; path = CommentTableViewCell.xib; sourceTree = "<group>"; };
		CED72AFD29DDA74B00BA7FF5 /* Instagram_kadai.app */ = {isa = PBXFileReference; explicitFileType = wrapper.application; includeInIndex = 0; path = Instagram_kadai.app; sourceTree = BUILT_PRODUCTS_DIR; };
		CED72B0029DDA74B00BA7FF5 /* AppDelegate.swift */ = {isa = PBXFileReference; lastKnownFileType = sourcecode.swift; path = AppDelegate.swift; sourceTree = "<group>"; };
		CED72B0229DDA74B00BA7FF5 /* SceneDelegate.swift */ = {isa = PBXFileReference; lastKnownFileType = sourcecode.swift; path = SceneDelegate.swift; sourceTree = "<group>"; };
		CED72B0729DDA74B00BA7FF5 /* Base */ = {isa = PBXFileReference; lastKnownFileType = file.storyboard; name = Base; path = Base.lproj/Main.storyboard; sourceTree = "<group>"; };
		CED72B0929DDA74F00BA7FF5 /* Assets.xcassets */ = {isa = PBXFileReference; lastKnownFileType = folder.assetcatalog; path = Assets.xcassets; sourceTree = "<group>"; };
		CED72B0C29DDA74F00BA7FF5 /* Base */ = {isa = PBXFileReference; lastKnownFileType = file.storyboard; name = Base; path = Base.lproj/LaunchScreen.storyboard; sourceTree = "<group>"; };
		CED72B0E29DDA74F00BA7FF5 /* Info.plist */ = {isa = PBXFileReference; lastKnownFileType = text.plist.xml; path = Info.plist; sourceTree = "<group>"; };
		CED72B1429DDA8E900BA7FF5 /* LoginViewController.swift */ = {isa = PBXFileReference; lastKnownFileType = sourcecode.swift; path = LoginViewController.swift; sourceTree = "<group>"; };
		CED72B1829DDA90600BA7FF5 /* ImageSelectViewController.swift */ = {isa = PBXFileReference; lastKnownFileType = sourcecode.swift; path = ImageSelectViewController.swift; sourceTree = "<group>"; };
		CED72B1A29DDA91600BA7FF5 /* PostViewController.swift */ = {isa = PBXFileReference; lastKnownFileType = sourcecode.swift; path = PostViewController.swift; sourceTree = "<group>"; };
		CED72B1C29DDA93A00BA7FF5 /* SettingViewController.swift */ = {isa = PBXFileReference; lastKnownFileType = sourcecode.swift; path = SettingViewController.swift; sourceTree = "<group>"; };
		CED72B1E29DDAC7F00BA7FF5 /* TabBarController.swift */ = {isa = PBXFileReference; lastKnownFileType = sourcecode.swift; path = TabBarController.swift; sourceTree = "<group>"; };
		CED72B2029DDB29900BA7FF5 /* GoogleService-Info.plist */ = {isa = PBXFileReference; fileEncoding = 4; lastKnownFileType = text.plist.xml; path = "GoogleService-Info.plist"; sourceTree = "<group>"; };
/* End PBXFileReference section */

/* Begin PBXFrameworksBuildPhase section */
		CED72AFA29DDA74B00BA7FF5 /* Frameworks */ = {
			isa = PBXFrameworksBuildPhase;
			buildActionMask = 2147483647;
			files = (
				C957A3F2766342D3E214B37A /* Pods_Instagram_kadai.framework in Frameworks */,
			);
			runOnlyForDeploymentPostprocessing = 0;
		};
/* End PBXFrameworksBuildPhase section */

/* Begin PBXGroup section */
		38463003062200BFC1D5F2CF /* Pods */ = {
			isa = PBXGroup;
			children = (
				5A79A8F8DF76FC4B5D4E8297 /* Pods-Instagram_kadai.debug.xcconfig */,
				3D011D045B3EF2ADF10DA34C /* Pods-Instagram_kadai.release.xcconfig */,
			);
			path = Pods;
			sourceTree = "<group>";
		};
		7AC6E184F3C1FD88E7316BA6 /* Frameworks */ = {
			isa = PBXGroup;
			children = (
				A469378477F09960664554F5 /* Pods_Instagram_kadai.framework */,
			);
			name = Frameworks;
			sourceTree = "<group>";
		};
		CED72AF429DDA74A00BA7FF5 = {
			isa = PBXGroup;
			children = (
				CED72B2029DDB29900BA7FF5 /* GoogleService-Info.plist */,
				CED72AFF29DDA74B00BA7FF5 /* Instagram_kadai */,
				CED72AFE29DDA74B00BA7FF5 /* Products */,
				38463003062200BFC1D5F2CF /* Pods */,
				7AC6E184F3C1FD88E7316BA6 /* Frameworks */,
			);
			sourceTree = "<group>";
		};
		CED72AFE29DDA74B00BA7FF5 /* Products */ = {
			isa = PBXGroup;
			children = (
				CED72AFD29DDA74B00BA7FF5 /* Instagram_kadai.app */,
			);
			name = Products;
			sourceTree = "<group>";
		};
		CED72AFF29DDA74B00BA7FF5 /* Instagram_kadai */ = {
			isa = PBXGroup;
			children = (
				CED72B0029DDA74B00BA7FF5 /* AppDelegate.swift */,
				CED72B0229DDA74B00BA7FF5 /* SceneDelegate.swift */,
				CED72B0629DDA74B00BA7FF5 /* Main.storyboard */,
				CE0D0E3F29DEA683005208EB /* PostTableViewCell.swift */,
				CE0D0E4029DEA683005208EB /* PostTableViewCell.xib */,
				CE0D0E3D29DEA5A6005208EB /* HomeViewController.swift */,
				CE0D0E2F29DE5DFF005208EB /* PostData.swift */,
				CE0D0E3129DE5F49005208EB /* CommentData.swift */,
				CE3FBE6029E0130600E7482E /* CommentTableViewCell.swift */,
				CE3FBE6129E0130600E7482E /* CommentTableViewCell.xib */,
				CE0D0E2D29DE53C1005208EB /* CommentViewController.swift */,
				CED72B1E29DDAC7F00BA7FF5 /* TabBarController.swift */,
				CED72B1429DDA8E900BA7FF5 /* LoginViewController.swift */,
				CED72B1829DDA90600BA7FF5 /* ImageSelectViewController.swift */,
				CE0D0E2B29DE4F1F005208EB /* Const.swift */,
				CED72B1A29DDA91600BA7FF5 /* PostViewController.swift */,
				CED72B1C29DDA93A00BA7FF5 /* SettingViewController.swift */,
				CED72B0929DDA74F00BA7FF5 /* Assets.xcassets */,
				CED72B0B29DDA74F00BA7FF5 /* LaunchScreen.storyboard */,
				CED72B0E29DDA74F00BA7FF5 /* Info.plist */,
			);
			path = Instagram_kadai;
			sourceTree = "<group>";
		};
/* End PBXGroup section */

/* Begin PBXNativeTarget section */
		CED72AFC29DDA74B00BA7FF5 /* Instagram_kadai */ = {
			isa = PBXNativeTarget;
			buildConfigurationList = CED72B1129DDA74F00BA7FF5 /* Build configuration list for PBXNativeTarget "Instagram_kadai" */;
			buildPhases = (
				DFA9782DE088EF62C50CB522 /* [CP] Check Pods Manifest.lock */,
				CED72AF929DDA74B00BA7FF5 /* Sources */,
				CED72AFA29DDA74B00BA7FF5 /* Frameworks */,
				CED72AFB29DDA74B00BA7FF5 /* Resources */,
				600C742C3BE214B6B413BE0A /* [CP] Embed Pods Frameworks */,
			);
			buildRules = (
			);
			dependencies = (
			);
			name = Instagram_kadai;
			productName = Instagram_kadai;
			productReference = CED72AFD29DDA74B00BA7FF5 /* Instagram_kadai.app */;
			productType = "com.apple.product-type.application";
		};
/* End PBXNativeTarget section */

/* Begin PBXProject section */
		CED72AF529DDA74B00BA7FF5 /* Project object */ = {
			isa = PBXProject;
			attributes = {
				BuildIndependentTargetsInParallel = 1;
				LastSwiftUpdateCheck = 1320;
				LastUpgradeCheck = 1320;
				TargetAttributes = {
					CED72AFC29DDA74B00BA7FF5 = {
						CreatedOnToolsVersion = 13.2.1;
					};
				};
			};
			buildConfigurationList = CED72AF829DDA74B00BA7FF5 /* Build configuration list for PBXProject "Instagram_kadai" */;
			compatibilityVersion = "Xcode 13.0";
			developmentRegion = en;
			hasScannedForEncodings = 0;
			knownRegions = (
				en,
				Base,
			);
			mainGroup = CED72AF429DDA74A00BA7FF5;
			productRefGroup = CED72AFE29DDA74B00BA7FF5 /* Products */;
			projectDirPath = "";
			projectRoot = "";
			targets = (
				CED72AFC29DDA74B00BA7FF5 /* Instagram_kadai */,
			);
		};
/* End PBXProject section */

/* Begin PBXResourcesBuildPhase section */
		CED72AFB29DDA74B00BA7FF5 /* Resources */ = {
			isa = PBXResourcesBuildPhase;
			buildActionMask = 2147483647;
			files = (
				CED72B0D29DDA74F00BA7FF5 /* LaunchScreen.storyboard in Resources */,
				CE3FBE6329E0130600E7482E /* CommentTableViewCell.xib in Resources */,
				CE0D0E4229DEA683005208EB /* PostTableViewCell.xib in Resources */,
				CED72B2129DDB29900BA7FF5 /* GoogleService-Info.plist in Resources */,
				CED72B0A29DDA74F00BA7FF5 /* Assets.xcassets in Resources */,
				CED72B0829DDA74B00BA7FF5 /* Main.storyboard in Resources */,
			);
			runOnlyForDeploymentPostprocessing = 0;
		};
/* End PBXResourcesBuildPhase section */

/* Begin PBXShellScriptBuildPhase section */
		600C742C3BE214B6B413BE0A /* [CP] Embed Pods Frameworks */ = {
			isa = PBXShellScriptBuildPhase;
			buildActionMask = 2147483647;
			files = (
			);
			inputFileListPaths = (
				"${PODS_ROOT}/Target Support Files/Pods-Instagram_kadai/Pods-Instagram_kadai-frameworks-${CONFIGURATION}-input-files.xcfilelist",
			);
			name = "[CP] Embed Pods Frameworks";
			outputFileListPaths = (
				"${PODS_ROOT}/Target Support Files/Pods-Instagram_kadai/Pods-Instagram_kadai-frameworks-${CONFIGURATION}-output-files.xcfilelist",
			);
			runOnlyForDeploymentPostprocessing = 0;
			shellPath = /bin/sh;
			shellScript = "\"${PODS_ROOT}/Target Support Files/Pods-Instagram_kadai/Pods-Instagram_kadai-frameworks.sh\"\n";
			showEnvVarsInLog = 0;
		};
		DFA9782DE088EF62C50CB522 /* [CP] Check Pods Manifest.lock */ = {
			isa = PBXShellScriptBuildPhase;
			buildActionMask = 2147483647;
			files = (
			);
			inputFileListPaths = (
			);
			inputPaths = (
				"${PODS_PODFILE_DIR_PATH}/Podfile.lock",
				"${PODS_ROOT}/Manifest.lock",
			);
			name = "[CP] Check Pods Manifest.lock";
			outputFileListPaths = (
			);
			outputPaths = (
				"$(DERIVED_FILE_DIR)/Pods-Instagram_kadai-checkManifestLockResult.txt",
			);
			runOnlyForDeploymentPostprocessing = 0;
			shellPath = /bin/sh;
			shellScript = "diff \"${PODS_PODFILE_DIR_PATH}/Podfile.lock\" \"${PODS_ROOT}/Manifest.lock\" > /dev/null\nif [ $? != 0 ] ; then\n    # print error to STDERR\n    echo \"error: The sandbox is not in sync with the Podfile.lock. Run 'pod install' or update your CocoaPods installation.\" >&2\n    exit 1\nfi\n# This output is used by Xcode 'outputs' to avoid re-running this script phase.\necho \"SUCCESS\" > \"${SCRIPT_OUTPUT_FILE_0}\"\n";
			showEnvVarsInLog = 0;
		};
/* End PBXShellScriptBuildPhase section */

/* Begin PBXSourcesBuildPhase section */
		CED72AF929DDA74B00BA7FF5 /* Sources */ = {
			isa = PBXSourcesBuildPhase;
			buildActionMask = 2147483647;
			files = (
				CE0D0E2E29DE53C1005208EB /* CommentViewController.swift in Sources */,
				CE0D0E3229DE5F49005208EB /* CommentData.swift in Sources */,
				CE0D0E4129DEA683005208EB /* PostTableViewCell.swift in Sources */,
				CED72B1929DDA90600BA7FF5 /* ImageSelectViewController.swift in Sources */,
				CED72B1F29DDAC7F00BA7FF5 /* TabBarController.swift in Sources */,
				CED72B1B29DDA91600BA7FF5 /* PostViewController.swift in Sources */,
				CED72B1D29DDA93A00BA7FF5 /* SettingViewController.swift in Sources */,
				CED72B1529DDA8E900BA7FF5 /* LoginViewController.swift in Sources */,
				CED72B0129DDA74B00BA7FF5 /* AppDelegate.swift in Sources */,
				CED72B0329DDA74B00BA7FF5 /* SceneDelegate.swift in Sources */,
				CE0D0E3029DE5DFF005208EB /* PostData.swift in Sources */,
				CE3FBE6229E0130600E7482E /* CommentTableViewCell.swift in Sources */,
				CE0D0E2C29DE4F1F005208EB /* Const.swift in Sources */,
				CE0D0E3E29DEA5A6005208EB /* HomeViewController.swift in Sources */,
			);
			runOnlyForDeploymentPostprocessing = 0;
		};
/* End PBXSourcesBuildPhase section */

/* Begin PBXVariantGroup section */
		CED72B0629DDA74B00BA7FF5 /* Main.storyboard */ = {
			isa = PBXVariantGroup;
			children = (
				CED72B0729DDA74B00BA7FF5 /* Base */,
			);
			name = Main.storyboard;
			sourceTree = "<group>";
		};
		CED72B0B29DDA74F00BA7FF5 /* LaunchScreen.storyboard */ = {
			isa = PBXVariantGroup;
			children = (
				CED72B0C29DDA74F00BA7FF5 /* Base */,
			);
			name = LaunchScreen.storyboard;
			sourceTree = "<group>";
		};
/* End PBXVariantGroup section */

/* Begin XCBuildConfiguration section */
		CED72B0F29DDA74F00BA7FF5 /* Debug */ = {
			isa = XCBuildConfiguration;
			buildSettings = {
				ALWAYS_SEARCH_USER_PATHS = NO;
				CLANG_ANALYZER_NONNULL = YES;
				CLANG_ANALYZER_NUMBER_OBJECT_CONVERSION = YES_AGGRESSIVE;
				CLANG_CXX_LANGUAGE_STANDARD = "gnu++17";
				CLANG_CXX_LIBRARY = "libc++";
				CLANG_ENABLE_MODULES = YES;
				CLANG_ENABLE_OBJC_ARC = YES;
				CLANG_ENABLE_OBJC_WEAK = YES;
				CLANG_WARN_BLOCK_CAPTURE_AUTORELEASING = YES;
				CLANG_WARN_BOOL_CONVERSION = YES;
				CLANG_WARN_COMMA = YES;
				CLANG_WARN_CONSTANT_CONVERSION = YES;
				CLANG_WARN_DEPRECATED_OBJC_IMPLEMENTATIONS = YES;
				CLANG_WARN_DIRECT_OBJC_ISA_USAGE = YES_ERROR;
				CLANG_WARN_DOCUMENTATION_COMMENTS = YES;
				CLANG_WARN_EMPTY_BODY = YES;
				CLANG_WARN_ENUM_CONVERSION = YES;
				CLANG_WARN_INFINITE_RECURSION = YES;
				CLANG_WARN_INT_CONVERSION = YES;
				CLANG_WARN_NON_LITERAL_NULL_CONVERSION = YES;
				CLANG_WARN_OBJC_IMPLICIT_RETAIN_SELF = YES;
				CLANG_WARN_OBJC_LITERAL_CONVERSION = YES;
				CLANG_WARN_OBJC_ROOT_CLASS = YES_ERROR;
				CLANG_WARN_QUOTED_INCLUDE_IN_FRAMEWORK_HEADER = YES;
				CLANG_WARN_RANGE_LOOP_ANALYSIS = YES;
				CLANG_WARN_STRICT_PROTOTYPES = YES;
				CLANG_WARN_SUSPICIOUS_MOVE = YES;
				CLANG_WARN_UNGUARDED_AVAILABILITY = YES_AGGRESSIVE;
				CLANG_WARN_UNREACHABLE_CODE = YES;
				CLANG_WARN__DUPLICATE_METHOD_MATCH = YES;
				COPY_PHASE_STRIP = NO;
				DEBUG_INFORMATION_FORMAT = dwarf;
				ENABLE_STRICT_OBJC_MSGSEND = YES;
				ENABLE_TESTABILITY = YES;
				GCC_C_LANGUAGE_STANDARD = gnu11;
				GCC_DYNAMIC_NO_PIC = NO;
				GCC_NO_COMMON_BLOCKS = YES;
				GCC_OPTIMIZATION_LEVEL = 0;
				GCC_PREPROCESSOR_DEFINITIONS = (
					"DEBUG=1",
					"$(inherited)",
				);
				GCC_WARN_64_TO_32_BIT_CONVERSION = YES;
				GCC_WARN_ABOUT_RETURN_TYPE = YES_ERROR;
				GCC_WARN_UNDECLARED_SELECTOR = YES;
				GCC_WARN_UNINITIALIZED_AUTOS = YES_AGGRESSIVE;
				GCC_WARN_UNUSED_FUNCTION = YES;
				GCC_WARN_UNUSED_VARIABLE = YES;
				IPHONEOS_DEPLOYMENT_TARGET = 15.2;
				MTL_ENABLE_DEBUG_INFO = INCLUDE_SOURCE;
				MTL_FAST_MATH = YES;
				ONLY_ACTIVE_ARCH = YES;
				SDKROOT = iphoneos;
				SWIFT_ACTIVE_COMPILATION_CONDITIONS = DEBUG;
				SWIFT_OPTIMIZATION_LEVEL = "-Onone";
			};
			name = Debug;
		};
		CED72B1029DDA74F00BA7FF5 /* Release */ = {
			isa = XCBuildConfiguration;
			buildSettings = {
				ALWAYS_SEARCH_USER_PATHS = NO;
				CLANG_ANALYZER_NONNULL = YES;
				CLANG_ANALYZER_NUMBER_OBJECT_CONVERSION = YES_AGGRESSIVE;
				CLANG_CXX_LANGUAGE_STANDARD = "gnu++17";
				CLANG_CXX_LIBRARY = "libc++";
				CLANG_ENABLE_MODULES = YES;
				CLANG_ENABLE_OBJC_ARC = YES;
				CLANG_ENABLE_OBJC_WEAK = YES;
				CLANG_WARN_BLOCK_CAPTURE_AUTORELEASING = YES;
				CLANG_WARN_BOOL_CONVERSION = YES;
				CLANG_WARN_COMMA = YES;
				CLANG_WARN_CONSTANT_CONVERSION = YES;
				CLANG_WARN_DEPRECATED_OBJC_IMPLEMENTATIONS = YES;
				CLANG_WARN_DIRECT_OBJC_ISA_USAGE = YES_ERROR;
				CLANG_WARN_DOCUMENTATION_COMMENTS = YES;
				CLANG_WARN_EMPTY_BODY = YES;
				CLANG_WARN_ENUM_CONVERSION = YES;
				CLANG_WARN_INFINITE_RECURSION = YES;
				CLANG_WARN_INT_CONVERSION = YES;
				CLANG_WARN_NON_LITERAL_NULL_CONVERSION = YES;
				CLANG_WARN_OBJC_IMPLICIT_RETAIN_SELF = YES;
				CLANG_WARN_OBJC_LITERAL_CONVERSION = YES;
				CLANG_WARN_OBJC_ROOT_CLASS = YES_ERROR;
				CLANG_WARN_QUOTED_INCLUDE_IN_FRAMEWORK_HEADER = YES;
				CLANG_WARN_RANGE_LOOP_ANALYSIS = YES;
				CLANG_WARN_STRICT_PROTOTYPES = YES;
				CLANG_WARN_SUSPICIOUS_MOVE = YES;
				CLANG_WARN_UNGUARDED_AVAILABILITY = YES_AGGRESSIVE;
				CLANG_WARN_UNREACHABLE_CODE = YES;
				CLANG_WARN__DUPLICATE_METHOD_MATCH = YES;
				COPY_PHASE_STRIP = NO;
				DEBUG_INFORMATION_FORMAT = "dwarf-with-dsym";
				ENABLE_NS_ASSERTIONS = NO;
				ENABLE_STRICT_OBJC_MSGSEND = YES;
				GCC_C_LANGUAGE_STANDARD = gnu11;
				GCC_NO_COMMON_BLOCKS = YES;
				GCC_WARN_64_TO_32_BIT_CONVERSION = YES;
				GCC_WARN_ABOUT_RETURN_TYPE = YES_ERROR;
				GCC_WARN_UNDECLARED_SELECTOR = YES;
				GCC_WARN_UNINITIALIZED_AUTOS = YES_AGGRESSIVE;
				GCC_WARN_UNUSED_FUNCTION = YES;
				GCC_WARN_UNUSED_VARIABLE = YES;
				IPHONEOS_DEPLOYMENT_TARGET = 15.2;
				MTL_ENABLE_DEBUG_INFO = NO;
				MTL_FAST_MATH = YES;
				SDKROOT = iphoneos;
				SWIFT_COMPILATION_MODE = wholemodule;
				SWIFT_OPTIMIZATION_LEVEL = "-O";
				VALIDATE_PRODUCT = YES;
			};
			name = Release;
		};
		CED72B1229DDA74F00BA7FF5 /* Debug */ = {
			isa = XCBuildConfiguration;
			baseConfigurationReference = 5A79A8F8DF76FC4B5D4E8297 /* Pods-Instagram_kadai.debug.xcconfig */;
			buildSettings = {
				ASSETCATALOG_COMPILER_APPICON_NAME = AppIcon;
				ASSETCATALOG_COMPILER_GLOBAL_ACCENT_COLOR_NAME = AccentColor;
				CODE_SIGN_STYLE = Automatic;
				CURRENT_PROJECT_VERSION = 1;
				DEVELOPMENT_TEAM = KSJMH4JJ4Y;
				GENERATE_INFOPLIST_FILE = YES;
				INFOPLIST_FILE = Instagram_kadai/Info.plist;
				INFOPLIST_KEY_NSCameraUsageDescription = "本アプリは、カメラの使用許可を求めます。";
				INFOPLIST_KEY_UIApplicationSupportsIndirectInputEvents = YES;
				INFOPLIST_KEY_UILaunchStoryboardName = LaunchScreen;
				INFOPLIST_KEY_UIMainStoryboardFile = Main;
				INFOPLIST_KEY_UISupportedInterfaceOrientations_iPad = "UIInterfaceOrientationPortrait UIInterfaceOrientationPortraitUpsideDown UIInterfaceOrientationLandscapeLeft UIInterfaceOrientationLandscapeRight";
				INFOPLIST_KEY_UISupportedInterfaceOrientations_iPhone = UIInterfaceOrientationPortrait;
				IPHONEOS_DEPLOYMENT_TARGET = 15.0;
				LD_RUNPATH_SEARCH_PATHS = (
					"$(inherited)",
					"@executable_path/Frameworks",
				);
				MARKETING_VERSION = 1.0;
				PRODUCT_BUNDLE_IDENTIFIER = "jp.techacademy.miho.kobayashi4.Instagram-kadai";
				PRODUCT_NAME = "$(TARGET_NAME)";
				SWIFT_EMIT_LOC_STRINGS = YES;
				SWIFT_VERSION = 5.0;
				TARGETED_DEVICE_FAMILY = 1;
			};
			name = Debug;
		};
		CED72B1329DDA74F00BA7FF5 /* Release */ = {
			isa = XCBuildConfiguration;
			baseConfigurationReference = 3D011D045B3EF2ADF10DA34C /* Pods-Instagram_kadai.release.xcconfig */;
			buildSettings = {
				ASSETCATALOG_COMPILER_APPICON_NAME = AppIcon;
				ASSETCATALOG_COMPILER_GLOBAL_ACCENT_COLOR_NAME = AccentColor;
				CODE_SIGN_STYLE = Automatic;
				CURRENT_PROJECT_VERSION = 1;
				DEVELOPMENT_TEAM = KSJMH4JJ4Y;
				GENERATE_INFOPLIST_FILE = YES;
				INFOPLIST_FILE = Instagram_kadai/Info.plist;
				INFOPLIST_KEY_NSCameraUsageDescription = "本アプリは、カメラの使用許可を求めます。";
				INFOPLIST_KEY_UIApplicationSupportsIndirectInputEvents = YES;
				INFOPLIST_KEY_UILaunchStoryboardName = LaunchScreen;
				INFOPLIST_KEY_UIMainStoryboardFile = Main;
				INFOPLIST_KEY_UISupportedInterfaceOrientations_iPad = "UIInterfaceOrientationPortrait UIInterfaceOrientationPortraitUpsideDown UIInterfaceOrientationLandscapeLeft UIInterfaceOrientationLandscapeRight";
				INFOPLIST_KEY_UISupportedInterfaceOrientations_iPhone = UIInterfaceOrientationPortrait;
				IPHONEOS_DEPLOYMENT_TARGET = 15.0;
				LD_RUNPATH_SEARCH_PATHS = (
					"$(inherited)",
					"@executable_path/Frameworks",
				);
				MARKETING_VERSION = 1.0;
				PRODUCT_BUNDLE_IDENTIFIER = "jp.techacademy.miho.kobayashi4.Instagram-kadai";
				PRODUCT_NAME = "$(TARGET_NAME)";
				SWIFT_EMIT_LOC_STRINGS = YES;
				SWIFT_VERSION = 5.0;
				TARGETED_DEVICE_FAMILY = 1;
			};
			name = Release;
		};
/* End XCBuildConfiguration section */

/* Begin XCConfigurationList section */
		CED72AF829DDA74B00BA7FF5 /* Build configuration list for PBXProject "Instagram_kadai" */ = {
			isa = XCConfigurationList;
			buildConfigurations = (
				CED72B0F29DDA74F00BA7FF5 /* Debug */,
				CED72B1029DDA74F00BA7FF5 /* Release */,
			);
			defaultConfigurationIsVisible = 0;
			defaultConfigurationName = Release;
		};
		CED72B1129DDA74F00BA7FF5 /* Build configuration list for PBXNativeTarget "Instagram_kadai" */ = {
			isa = XCConfigurationList;
			buildConfigurations = (
				CED72B1229DDA74F00BA7FF5 /* Debug */,
				CED72B1329DDA74F00BA7FF5 /* Release */,
			);
			defaultConfigurationIsVisible = 0;
			defaultConfigurationName = Release;
		};
/* End XCConfigurationList section */
	};
	rootObject = CED72AF529DDA74B00BA7FF5 /* Project object */;
}
